GIT
  remote: https://github.com/thredded/thredded-markdown_katex.git
  revision: e2830bdb40880018a0e59d2b82c94b0a9f237365
  ref: e2830bdb40880018a0e59d2b82c94b0a9f237365
  specs:
    thredded-markdown_katex (1.0.0)
      katex (>= 0.4.3)
      kramdown-math-katex

GIT
  remote: https://github.com/thredded/thredded.git
  revision: 566100f6a020ccc390aa60689d58b007a55506d2
  ref: 566100f6a020ccc390aa60689d58b007a55506d2
  specs:
    thredded (1.1.0)
      active_record_union (>= 1.3.0)
      autoprefixer-rails
      db_text_search
      friendly_id
      html-pipeline (>= 2.14.1, < 3)
      htmlentities
      inline_svg (>= 1.6.0)
      kaminari
      kramdown (>= 2.0.0)
      kramdown-parser-gfm
      nokogiri
      onebox (>= 1.8.99)
      pundit (>= 1.1.0)
      rails (>= 7.0)
      rails_gravatar
      rinku
      sanitize
      sprockets-es6
      timeago_js (>= 3.0.2.2)

GEM
  remote: https://rubygems.org/
  specs:
    Ascii85 (2.0.1)
    actioncable (8.0.4)
      actionpack (= 8.0.4)
      activesupport (= 8.0.4)
      nio4r (~> 2.0)
      websocket-driver (>= 0.6.1)
      zeitwerk (~> 2.6)
    actionmailbox (8.0.4)
      actionpack (= 8.0.4)
      activejob (= 8.0.4)
      activerecord (= 8.0.4)
      activestorage (= 8.0.4)
      activesupport (= 8.0.4)
      mail (>= 2.8.0)
    actionmailer (8.0.4)
      actionpack (= 8.0.4)
      actionview (= 8.0.4)
      activejob (= 8.0.4)
      activesupport (= 8.0.4)
      mail (>= 2.8.0)
      rails-dom-testing (~> 2.2)
    actionpack (8.0.4)
      actionview (= 8.0.4)
      activesupport (= 8.0.4)
      nokogiri (>= 1.8.5)
      rack (>= 2.2.4)
      rack-session (>= 1.0.1)
      rack-test (>= 0.6.3)
      rails-dom-testing (~> 2.2)
      rails-html-sanitizer (~> 1.6)
      useragent (~> 0.16)
    actiontext (8.0.4)
      actionpack (= 8.0.4)
      activerecord (= 8.0.4)
      activestorage (= 8.0.4)
      activesupport (= 8.0.4)
      globalid (>= 0.6.0)
      nokogiri (>= 1.8.5)
    actionview (8.0.4)
      activesupport (= 8.0.4)
      builder (~> 3.1)
      erubi (~> 1.11)
      rails-dom-testing (~> 2.2)
      rails-html-sanitizer (~> 1.6)
    active_model_serializers (0.10.15)
      actionpack (>= 4.1)
      activemodel (>= 4.1)
      case_transform (>= 0.2)
      jsonapi-renderer (>= 0.1.1.beta1, < 0.3)
    active_record_union (1.4.0)
      activerecord (>= 6.0)
    active_storage_validations (2.0.4)
      activejob (>= 6.1.4)
      activemodel (>= 6.1.4)
      activestorage (>= 6.1.4)
      activesupport (>= 6.1.4)
      marcel (>= 1.0.3)
    activejob (8.0.4)
      activesupport (= 8.0.4)
      globalid (>= 0.3.6)
    activemodel (8.0.4)
      activesupport (= 8.0.4)
    activerecord (8.0.4)
      activemodel (= 8.0.4)
      activesupport (= 8.0.4)
      timeout (>= 0.4.0)
    activerecord-import (1.8.1)
      activerecord (>= 4.2)
    activerecord-nulldb-adapter (1.1.1)
      activerecord (>= 6.0, < 8.1)
    activestorage (8.0.4)
      actionpack (= 8.0.4)
      activejob (= 8.0.4)
      activerecord (= 8.0.4)
      activesupport (= 8.0.4)
      marcel (~> 1.0)
    activesupport (8.0.4)
      base64
      benchmark (>= 0.3)
      bigdecimal
      concurrent-ruby (~> 1.0, >= 1.3.1)
      connection_pool (>= 2.2.5)
      drb
      i18n (>= 1.6, < 2)
      logger (>= 1.4.2)
      minitest (>= 5.1)
      securerandom (>= 0.3)
      tzinfo (~> 2.0, >= 2.0.5)
      uri (>= 0.13.1)
    acts_as_list (1.2.6)
      activerecord (>= 6.1)
      activesupport (>= 6.1)
    acts_as_tree (2.9.1)
      activerecord (>= 3.0.0)
    acts_as_votable (0.14.0)
    addressable (2.8.7)
      public_suffix (>= 2.0.2, < 7.0)
    afm (1.0.0)
    ast (2.4.3)
    autoprefixer-rails (10.4.21.0)
      execjs (~> 2)
    babel-source (5.8.35)
    babel-transpiler (0.7.0)
      babel-source (>= 4.0, < 6)
      execjs (~> 2.0)
    barby (0.7.0)
    base64 (0.3.0)
    bcrypt (3.1.20)
    benchmark (0.5.0)
    bigdecimal (3.3.1)
    bindex (0.8.1)
    bootsnap (1.19.0)
      msgpack (~> 1.2)
    bootstrap_form (5.5.0)
      actionpack (>= 7.2)
      activemodel (>= 7.2)
    builder (3.3.0)
    cancancan (3.6.1)
    case_transform (0.2)
      activesupport
    choice (0.2.0)
    chunky_png (1.4.0)
    coffee-rails (5.0.0)
      coffee-script (>= 2.2.0)
      railties (>= 5.2.0)
    coffee-script (2.4.1)
      coffee-script-source
      execjs
    coffee-script-source (1.12.2)
    commontator (7.0.1)
      rails (>= 6.0)
      sprockets-rails
      will_paginate
    concurrent-ruby (1.3.5)
    connection_pool (2.5.4)
    content_disposition (1.0.0)
    coveralls (0.7.1)
      multi_json (~> 1.3)
      rest-client
      simplecov (>= 0.7)
      term-ansicolor
      thor
    crass (1.0.6)
    csv (3.3.5)
    dalli (3.2.8)
    database_cleaner-active_record (2.2.2)
      activerecord (>= 5.a)
      database_cleaner-core (~> 2.0)
    database_cleaner-core (2.0.1)
    date (3.5.0)
    db_text_search (1.0.0)
      activerecord (>= 4.1.15)
    debug (1.11.0)
      irb (~> 1.10)
      reline (>= 0.3.8)
    devise (4.9.4)
      bcrypt (~> 3.0)
      orm_adapter (~> 0.1)
      railties (>= 4.1.0)
      responders
      warden (~> 1.2.3)
    devise-bootstrap-views (1.1.0)
    diff-lcs (1.6.2)
    docile (1.4.1)
    domain_name (0.6.20240107)
    down (5.4.2)
      addressable (~> 2.8)
    drb (2.2.3)
    dry-cli (1.3.0)
    erb (6.0.0)
    erubi (1.13.1)
    erubis (2.7.0)
    et-orbi (1.4.0)
      tzinfo
    exception_handler (0.8.0.2)
      bundler
      rails (>= 4.2.0)
      responders
    execjs (2.10.0)
    factory_bot (6.5.6)
      activesupport (>= 6.1.0)
    factory_bot_rails (6.5.1)
      factory_bot (~> 6.5)
      railties (>= 6.1.0)
    faker (3.5.2)
      i18n (>= 1.8.11, < 2)
    faraday (1.10.4)
      faraday-em_http (~> 1.0)
      faraday-em_synchrony (~> 1.0)
      faraday-excon (~> 1.1)
      faraday-httpclient (~> 1.0)
      faraday-multipart (~> 1.0)
      faraday-net_http (~> 1.0)
      faraday-net_http_persistent (~> 1.0)
      faraday-patron (~> 1.0)
      faraday-rack (~> 1.0)
      faraday-retry (~> 1.0)
      ruby2_keywords (>= 0.0.4)
    faraday-em_http (1.0.0)
    faraday-em_synchrony (1.0.1)
    faraday-excon (1.1.0)
    faraday-httpclient (1.0.1)
    faraday-multipart (1.1.1)
      multipart-post (~> 2.0)
    faraday-net_http (1.0.2)
    faraday-net_http_persistent (1.2.0)
    faraday-patron (1.0.0)
    faraday-rack (1.0.0)
    faraday-retry (1.0.3)
    fastimage (2.4.0)
    ffi (1.17.2-aarch64-linux-gnu)
    ffi (1.17.2-aarch64-linux-musl)
    ffi (1.17.2-arm-linux-gnu)
    ffi (1.17.2-arm-linux-musl)
    ffi (1.17.2-arm64-darwin)
    ffi (1.17.2-x86_64-darwin)
    ffi (1.17.2-x86_64-linux-gnu)
    ffi (1.17.2-x86_64-linux-musl)
    filesize (0.2.0)
    friendly_id (5.5.1)
      activerecord (>= 4.0.0)
    fugit (1.12.1)
      et-orbi (~> 1.4)
      raabro (~> 1.4)
    globalid (1.3.0)
      activesupport (>= 6.1)
    hashery (2.1.2)
    highline (3.1.2)
      reline
    html-pipeline (2.14.3)
      activesupport (>= 2)
      nokogiri (>= 1.4)
    htmlentities (4.4.2)
    http-accept (1.7.0)
    http-cookie (1.1.0)
      domain_name (~> 0.5)
    i18n (1.14.7)
      concurrent-ruby (~> 1.0)
    i18n-tasks (1.0.15)
      activesupport (>= 4.0.2)
      ast (>= 2.1.0)
      erubi
      highline (>= 2.0.0)
      i18n
      parser (>= 3.2.2.1)
      rails-i18n
      rainbow (>= 2.2.2, < 4.0)
      ruby-progressbar (~> 1.8, >= 1.8.1)
      terminal-table (>= 1.5.1)
    image_processing (1.14.0)
      mini_magick (>= 4.9.5, < 6)
      ruby-vips (>= 2.0.17, < 3)
    inline_svg (1.10.0)
      activesupport (>= 3.0)
      nokogiri (>= 1.6)
    io-console (0.8.1)
    irb (1.15.3)
      pp (>= 0.6.0)
      rdoc (>= 4.0.0)
      reline (>= 0.4.2)
    jbuilder (2.14.1)
      actionview (>= 7.0.0)
      activesupport (>= 7.0.0)
    js-routes (2.3.5)
      railties (>= 5)
      sorbet-runtime
    json (2.16.0)
    jsonapi-renderer (0.2.2)
    kaminari (1.2.2)
      activesupport (>= 4.1.0)
      kaminari-actionview (= 1.2.2)
      kaminari-activerecord (= 1.2.2)
      kaminari-core (= 1.2.2)
    kaminari-actionview (1.2.2)
      actionview
      kaminari-core (= 1.2.2)
    kaminari-activerecord (1.2.2)
      activerecord
      kaminari-core (= 1.2.2)
    kaminari-core (1.2.2)
    katex (0.10.0)
      execjs (~> 2.8)
    kramdown (2.5.1)
      rexml (>= 3.3.9)
    kramdown-math-katex (1.0.1)
      katex (~> 0.4)
      kramdown (~> 2.0)
    kramdown-parser-gfm (1.1.0)
      kramdown (~> 2.0)
    language_server-protocol (3.17.0.5)
    lint_roller (1.1.0)
    listen (3.9.0)
      rb-fsevent (~> 0.10, >= 0.10.3)
      rb-inotify (~> 0.9, >= 0.9.10)
    logger (1.7.0)
    loofah (2.24.1)
      crass (~> 1.0.2)
      nokogiri (>= 1.12.0)
    mail (2.9.0)
      logger
      mini_mime (>= 0.1.1)
      net-imap
      net-pop
      net-smtp
    marcel (1.1.0)
    mime-types (3.7.0)
      logger
      mime-types-data (~> 3.2025, >= 3.2025.0507)
    mime-types-data (3.2025.0924)
    mini_magick (4.13.2)
    mini_mime (1.1.5)
    minitest (5.26.2)
    mize (0.6.1)
    mobility (1.3.2)
      i18n (>= 0.6.10, < 2)
      request_store (~> 1.0)
    msgpack (1.8.0)
    multi_json (1.17.0)
    multipart-post (2.4.1)
    mustache (1.1.1)
    mutex_m (0.3.0)
    net-imap (0.5.12)
      date
      net-protocol
    net-pop (0.1.2)
      net-protocol
    net-protocol (0.2.2)
      timeout
    net-smtp (0.5.1)
      net-protocol
    netrc (0.11.0)
    nio4r (2.7.5)
    nokogiri (1.18.10-aarch64-linux-gnu)
      racc (~> 1.4)
    nokogiri (1.18.10-aarch64-linux-musl)
      racc (~> 1.4)
    nokogiri (1.18.10-arm-linux-gnu)
      racc (~> 1.4)
    nokogiri (1.18.10-arm-linux-musl)
      racc (~> 1.4)
    nokogiri (1.18.10-arm64-darwin)
      racc (~> 1.4)
    nokogiri (1.18.10-x86_64-darwin)
      racc (~> 1.4)
    nokogiri (1.18.10-x86_64-linux-gnu)
      racc (~> 1.4)
    nokogiri (1.18.10-x86_64-linux-musl)
      racc (~> 1.4)
    onebox (2.2.19)
      addressable (~> 2.8.0)
      htmlentities (~> 4.3)
      multi_json (~> 1.11)
      mustache
      nokogiri (~> 1.7)
      sanitize
    options (2.3.2)
    orm_adapter (0.5.0)
    pagy (9.4.0)
    pairing_heap (3.1.0)
    parallel (1.27.0)
    parser (3.3.10.0)
      ast (~> 2.4.1)
      racc
    pdf-reader (2.15.0)
      Ascii85 (>= 1.0, < 3.0, != 2.0.0)
      afm (>= 0.2.1, < 2)
      hashery (~> 2.0)
      ruby-rc4
      ttfunk
    pg (1.6.2)
    pg (1.6.2-aarch64-linux)
    pg (1.6.2-aarch64-linux-musl)
    pg (1.6.2-arm64-darwin)
    pg (1.6.2-x86_64-darwin)
    pg (1.6.2-x86_64-linux)
    pg (1.6.2-x86_64-linux-musl)
    pg_search (2.3.7)
      activerecord (>= 6.1)
      activesupport (>= 6.1)
    pgreset (0.4)
    pp (0.6.3)
      prettyprint
    prettyprint (0.2.0)
    prism (1.6.0)
    progress_bar (1.3.4)
      highline (>= 1.6)
      options (~> 2.3.0)
    prometheus_exporter (2.3.1)
      webrick
    psych (5.2.6)
      date
      stringio
    public_suffix (6.0.2)
    puma (6.6.1)
      nio4r (~> 2.0)
    pundit (2.5.2)
      activesupport (>= 3.0.0)
    raabro (1.4.0)
    racc (1.8.1)
    rack (3.2.4)
    rack-proxy (0.7.7)
      rack
    rack-session (2.1.1)
      base64 (>= 0.1.0)
      rack (>= 3.0.0)
    rack-test (2.2.0)
      rack (>= 1.3)
    rackup (2.2.1)
      rack (>= 3)
    rails (8.0.4)
      actioncable (= 8.0.4)
      actionmailbox (= 8.0.4)
      actionmailer (= 8.0.4)
      actionpack (= 8.0.4)
      actiontext (= 8.0.4)
      actionview (= 8.0.4)
      activejob (= 8.0.4)
      activemodel (= 8.0.4)
      activerecord (= 8.0.4)
      activestorage (= 8.0.4)
      activesupport (= 8.0.4)
      bundler (>= 1.15.0)
      railties (= 8.0.4)
    rails-dom-testing (2.3.0)
      activesupport (>= 5.0.0)
      minitest
      nokogiri (>= 1.6)
    rails-erd (1.7.2)
      activerecord (>= 4.2)
      activesupport (>= 4.2)
      choice (~> 0.2.0)
      ruby-graphviz (~> 1.2)
    rails-html-sanitizer (1.6.2)
      loofah (~> 2.21)
      nokogiri (>= 1.15.7, != 1.16.7, != 1.16.6, != 1.16.5, != 1.16.4, != 1.16.3, != 1.16.2, != 1.16.1, != 1.16.0.rc1, != 1.16.0)
    rails-i18n (8.0.2)
      i18n (>= 0.7, < 2)
      railties (>= 8.0.0, < 9)
    rails_gravatar (1.0.4)
      actionview
    railties (8.0.4)
      actionpack (= 8.0.4)
      activesupport (= 8.0.4)
      irb (~> 1.13)
      rackup (>= 1.0.0)
      rake (>= 12.2)
      thor (~> 1.0, >= 1.2.2)
      tsort (>= 0.2)
      zeitwerk (~> 2.6)
    rainbow (3.1.1)
    rake (13.3.1)
    rb-fsevent (0.11.2)
    rb-inotify (0.11.1)
      ffi (~> 1.0)
    rbs (3.9.5)
      logger
    rdoc (6.15.1)
      erb
      psych (>= 4.0.0)
      tsort
    redis-client (0.26.1)
      connection_pool
    regexp_parser (2.11.3)
    reline (0.6.3)
      io-console (~> 0.5)
    request_store (1.7.0)
      rack (>= 1.4)
    responders (3.2.0)
      actionpack (>= 7.0)
      railties (>= 7.0)
    rest-client (2.1.0)
      http-accept (>= 1.7.0, < 2.0)
      http-cookie (>= 1.0.2, < 2.0)
      mime-types (>= 1.16, < 4.0)
      netrc (~> 0.8)
    rexml (3.4.4)
    rgl (0.6.6)
      pairing_heap (>= 0.3, < 4.0)
      rexml (~> 3.2, >= 3.2.4)
      stream (~> 0.5.3)
    rinku (2.0.6)
    rqrcode (2.2.0)
      chunky_png (~> 1.0)
      rqrcode_core (~> 1.0)
    rqrcode_core (1.2.0)
    rspec-core (3.13.6)
      rspec-support (~> 3.13.0)
    rspec-expectations (3.13.5)
      diff-lcs (>= 1.2.0, < 2.0)
      rspec-support (~> 3.13.0)
    rspec-github (2.4.0)
      rspec-core (~> 3.0)
    rspec-mocks (3.13.7)
      diff-lcs (>= 1.2.0, < 2.0)
      rspec-support (~> 3.13.0)
    rspec-rails (6.1.5)
      actionpack (>= 6.1)
      activesupport (>= 6.1)
      railties (>= 6.1)
      rspec-core (~> 3.13)
      rspec-expectations (~> 3.13)
      rspec-mocks (~> 3.13)
      rspec-support (~> 3.13)
    rspec-support (3.13.6)
    rubocop (1.81.7)
      json (~> 2.3)
      language_server-protocol (~> 3.17.0.2)
      lint_roller (~> 1.1.0)
      parallel (~> 1.10)
      parser (>= 3.3.0.2)
      rainbow (>= 2.2.2, < 4.0)
      regexp_parser (>= 2.9.3, < 3.0)
      rubocop-ast (>= 1.47.1, < 2.0)
      ruby-progressbar (~> 1.7)
      unicode-display_width (>= 2.4.0, < 4.0)
    rubocop-ast (1.48.0)
      parser (>= 3.3.7.2)
      prism (~> 1.4)
    rubocop-performance (1.26.1)
      lint_roller (~> 1.1)
      rubocop (>= 1.75.0, < 2.0)
      rubocop-ast (>= 1.47.1, < 2.0)
    rubocop-rails (2.34.0)
      activesupport (>= 4.2.0)
      lint_roller (~> 1.1)
      rack (>= 1.1)
      rubocop (>= 1.75.0, < 2.0)
      rubocop-ast (>= 1.44.0, < 2.0)
    ruby-graphviz (1.2.5)
      rexml
    ruby-lsp (0.26.4)
      language_server-protocol (~> 3.17.0)
      prism (>= 1.2, < 2.0)
      rbs (>= 3, < 5)
    ruby-lsp-rspec (0.1.28)
      ruby-lsp (~> 0.26.0)
    ruby-progressbar (1.13.0)
    ruby-rc4 (0.1.5)
    ruby-vips (2.2.5)
      ffi (~> 1.12)
      logger
    ruby2_keywords (0.0.5)
    rubyzip (2.4.1)
    sanitize (7.0.0)
      crass (~> 1.0.2)
      nokogiri (>= 1.16.8)
    sass-rails (6.0.0)
      sassc-rails (~> 2.1, >= 2.1.1)
    sassc (2.4.0)
      ffi (~> 1.9)
    sassc-rails (2.1.2)
      railties (>= 4.0.0)
      sassc (>= 2.0)
      sprockets (> 3.0)
      sprockets-rails
      tilt
    securerandom (0.4.1)
    shrine (3.6.0)
      content_disposition (~> 1.0)
      down (~> 5.1)
    sidekiq (7.3.9)
      base64
      connection_pool (>= 2.3.0)
      logger
      rack (>= 2.2.4)
      redis-client (>= 0.22.2)
    sidekiq-cron (1.12.0)
      fugit (~> 1.8)
      globalid (>= 1.0.1)
      sidekiq (>= 6)
    simplecov (0.22.0)
      docile (~> 1.1)
      simplecov-html (~> 0.11)
      simplecov_json_formatter (~> 0.1)
    simplecov-cobertura (2.1.0)
      rexml
      simplecov (~> 0.19)
    simplecov-html (0.13.2)
    simplecov_json_formatter (0.1.4)
    sorbet-runtime (0.6.12780)
    spring (4.4.0)
    spring-watcher-listen (2.1.0)
      listen (>= 2.7, < 4.0)
      spring (>= 4)
    sprockets (4.2.2)
      concurrent-ruby (~> 1.0)
      logger
      rack (>= 2.2.4, < 4)
    sprockets-es6 (0.9.2)
      babel-source (>= 5.8.11)
      babel-transpiler
      sprockets (>= 3.0.0)
    sprockets-rails (3.5.2)
      actionpack (>= 6.1)
      activesupport (>= 6.1)
      sprockets (>= 3.0.0)
    stream (0.5.5)
    streamio-ffmpeg (3.0.2)
      multi_json (~> 1.8)
    stringio (3.1.8)
    sync (0.5.0)
    term-ansicolor (1.11.3)
      tins (~> 1)
    terminal-table (4.0.0)
      unicode-display_width (>= 1.1.1, < 4)
    terser (1.2.6)
      execjs (>= 0.3.0, < 3)
    thor (1.4.0)
    tilt (2.6.1)
    timeago_js (3.0.2.2)
    timecop (0.9.10)
    timeout (0.4.4)
    tins (1.47.0)
      bigdecimal
      mize (~> 0.6)
      sync
    trix-rails (2.4.0)
      rails (> 4.1)
    tsort (0.2.0)
    ttfunk (1.8.0)
      bigdecimal (~> 3.1)
    turbo-rails (2.0.20)
      actionpack (>= 7.1.0)
      railties (>= 7.1.0)
    tzinfo (2.0.6)
      concurrent-ruby (~> 1.0)
    unicode-display_width (3.2.0)
      unicode-emoji (~> 4.1)
    unicode-emoji (4.1.0)
    uri (1.1.1)
    useragent (0.16.11)
    view_component (4.1.1)
      actionview (>= 7.1.0, < 8.2)
      activesupport (>= 7.1.0, < 8.2)
      concurrent-ruby (~> 1)
    vite_rails (3.0.19)
      railties (>= 5.1, < 9)
      vite_ruby (~> 3.0, >= 3.2.2)
    vite_ruby (3.9.2)
      dry-cli (>= 0.7, < 2)
      logger (~> 1.6)
      mutex_m
      rack-proxy (~> 0.6, >= 0.6.1)
      zeitwerk (~> 2.2)
    warden (1.2.9)
      rack (>= 2.0.9)
    web-console (4.2.1)
      actionview (>= 6.0.0)
      activemodel (>= 6.0.0)
      bindex (>= 0.4.0)
      railties (>= 6.0.0)
    webrick (1.9.1)
    websocket-driver (0.8.0)
      base64
      websocket-extensions (>= 0.1.0)
    websocket-extensions (0.1.5)
    will_paginate (4.0.1)
    zeitwerk (2.7.3)

PLATFORMS
  aarch64-linux-gnu
  aarch64-linux-musl
  arm-linux-gnu
  arm-linux-musl
  arm64-darwin
  x86_64-darwin
  x86_64-linux
  x86_64-linux-gnu
  x86_64-linux-musl

DEPENDENCIES
  active_model_serializers (~> 0.10)
  active_storage_validations (~> 2.0.2)
  activerecord-import (~> 1.7)
  activerecord-nulldb-adapter (~> 1.0)
  acts_as_list (~> 1.2)
  acts_as_tree (~> 2.9)
  acts_as_votable (~> 0.14)
  barby (~> 0.6)
  bootsnap (~> 1.18)
  bootstrap_form (~> 5.4)
  cancancan (~> 3.6)
  coffee-rails (~> 5.0)
  commontator (~> 7.0.1)
  coveralls (~> 0.7)
  csv (~> 3.3)
  dalli (~> 3.2)
  database_cleaner-active_record (~> 2.2)
  debug (~> 1.8)
  devise (~> 4.9)
  devise-bootstrap-views (~> 1.1)
  erubis (~> 2.7)
  exception_handler (~> 0.8.0.0, ~> 0.8.0)
  factory_bot_rails (~> 6.4)
  faker (~> 3.4)
  faraday (~> 1.8, ~> 1.10)
  fastimage (~> 2.3)
  filesize (~> 0.2)
  i18n-tasks (~> 1.0.15)
  image_processing (~> 1.13)
  jbuilder (~> 2.12)
  js-routes (~> 2.3)
  kramdown-parser-gfm (~> 1.1)
  listen (~> 3.9)
  marcel (~> 1.0)
  mini_magick (~> 4.13)
  mobility (~> 1.2)
  net-smtp (~> 0.5)
  pagy (~> 9.4)
  pdf-reader (~> 2.12)
  pg (~> 1.5)
  pg_search (~> 2.3)
  pgreset (~> 0.4)
  progress_bar (~> 1.3)
  prometheus_exporter (~> 2.1)
  puma (~> 6.4)
  rack (~> 3.1)
  rails (~> 8.0.2)
  rails-erd (~> 1.7)
  rails-i18n (~> 8.0)
  responders (~> 3.1)
  rgl (~> 0.6)
  rqrcode (~> 2.2)
  rspec-github (~> 2.4)
  rspec-rails (~> 6.1)
  rubocop (~> 1.65)
  rubocop-performance (~> 1.21)
  rubocop-rails (~> 2.24)
  ruby-lsp-rspec (~> 0.1.28)
  rubyzip (~> 2.3)
  sass-rails (~> 6.0)
  shrine (~> 3.6)
  sidekiq (~> 7.3)
  sidekiq-cron (~> 1.12)
  simplecov (~> 0.22)
  simplecov-cobertura (~> 2.1)
  spring (~> 4.3)
  spring-watcher-listen (~> 2.0)
  sprockets-rails (~> 3.5)
  streamio-ffmpeg (~> 3.0)
  terser (~> 1.2)
  thredded!
  thredded-markdown_katex!
  timecop (~> 0.9.10)
  trix-rails (~> 2.4)
  turbo-rails (~> 2.0)
  view_component (~> 4.0)
  vite_rails (~> 3.0, >= 3.0.17)
  web-console (~> 4.2)

RUBY VERSION
  ruby 3.4.7p58

BUNDLED WITH
  4.0.0.beta1
