# THIS IS AN AUTOGENERATED FILE. DO NOT EDIT THIS FILE DIRECTLY.
# yarn lockfile v1


cytoscape-cola@^2.3.0:
  version "2.3.0"
  resolved "https://registry.yarnpkg.com/cytoscape-cola/-/cytoscape-cola-2.3.0.tgz#24104eaab46e0a88dfeedb02199610450525208d"
  dependencies:
    webcola "^3.3.6"

cytoscape-cose-bilkent@^4.0.0:
  version "4.0.0"
  resolved "https://registry.yarnpkg.com/cytoscape-cose-bilkent/-/cytoscape-cose-bilkent-4.0.0.tgz#5f0afbe5c55a7a026442b756ca388ce77c262967"

cytoscape-spread@^3.0.0:
  version "3.0.0"
  resolved "https://registry.yarnpkg.com/cytoscape-spread/-/cytoscape-spread-3.0.0.tgz#9d2cf43eee9a3b92dd518a4a2db8567584a1dd2e"
  dependencies:
    weaverjs "^1.2.0"

cytoscape@^3.2.21:
  version "3.2.21"
  resolved "https://registry.yarnpkg.com/cytoscape/-/cytoscape-3.2.21.tgz#ed99922800fe3f7bfc0d55eb9018b98af2cf4c2d"
  dependencies:
    heap "^0.2.6"
    lodash.debounce "^4.0.8"

d3-dispatch@1, d3-dispatch@^1.0.3:
  version "1.0.5"
  resolved "https://registry.yarnpkg.com/d3-dispatch/-/d3-dispatch-1.0.5.tgz#e25c10a186517cd6c82dd19ea018f07e01e39015"

d3-drag@^1.0.4:
  version "1.2.3"
  resolved "https://registry.yarnpkg.com/d3-drag/-/d3-drag-1.2.3.tgz#46e206ad863ec465d88c588098a1df444cd33c64"
  dependencies:
    d3-dispatch "1"
    d3-selection "1"

d3-selection@1:
  version "1.3.2"
  resolved "https://registry.yarnpkg.com/d3-selection/-/d3-selection-1.3.2.tgz#6e70a9df60801c8af28ac24d10072d82cbfdf652"

d3-timer@^1.0.5:
  version "1.0.9"
  resolved "https://registry.yarnpkg.com/d3-timer/-/d3-timer-1.0.9.tgz#f7bb8c0d597d792ff7131e1c24a36dd471a471ba"

heap@^0.2.6:
  version "0.2.6"
  resolved "https://registry.yarnpkg.com/heap/-/heap-0.2.6.tgz#087e1f10b046932fc8594dd9e6d378afc9d1e5ac"

lodash.debounce@^4.0.8:
  version "4.0.8"
  resolved "https://registry.yarnpkg.com/lodash.debounce/-/lodash.debounce-4.0.8.tgz#82d79bff30a67c4005ffd5e2515300ad9ca4d7af"

weaverjs@^1.2.0:
  version "1.2.0"
  resolved "https://registry.yarnpkg.com/weaverjs/-/weaverjs-1.2.0.tgz#654c15cc735b660a1dae4c7c263cd7c746512fa0"

webcola@^3.3.6:
  version "3.3.8"
  resolved "https://registry.yarnpkg.com/webcola/-/webcola-3.3.8.tgz#af5a8e2faf5213f40ab75d948bd582e1111b763e"
  dependencies:
    d3-dispatch "^1.0.3"
    d3-drag "^1.0.4"
    d3-timer "^1.0.5"
